
Microsoft Visual Studio Solution File, Format Version 12.00
# Visual Studio 15
VisualStudioVersion = 15.0.27428.2015
MinimumVisualStudioVersion = 10.0.40219.1
Project("{FAE04EC0-301F-11D3-BF4B-00C04F79EFBC}") = "HomeBaseSoftware", "HomeBaseSoftware\HomeBaseSoftware.csproj", "{A9B2D475-F476-46EB-BE34-7279178DEB08}"
EndProject
Global
	GlobalSection(SolutionConfigurationPlatforms) = preSolution
		Debug|Any CPU = Debug|Any CPU
		Release|Any CPU = Release|Any CPU
	EndGlobalSection
	GlobalSection(ProjectConfigurationPlatforms) = postSolution
		{A9B2D475-F476-46EB-BE34-7279178DEB08}.Debug|Any CPU.ActiveCfg = Debug|Any CPU
		{A9B2D475-F476-46EB-BE34-7279178DEB08}.Debug|Any CPU.Build.0 = Debug|Any CPU
		{A9B2D475-F476-46EB-BE34-7279178DEB08}.Release|Any CPU.ActiveCfg = Release|Any CPU
		{A9B2D475-F476-46EB-BE34-7279178DEB08}.Release|Any CPU.Build.0 = Release|Any CPU
	EndGlobalSection
	GlobalSection(SolutionProperties) = preSolution
		HideSolutionNode = FALSE
	EndGlobalSection
	GlobalSection(ExtensibilityGlobals) = postSolution
		SolutionGuid = {951C14EF-B118-481F-B200-1B64B80B1E95}
	EndGlobalSection
EndGlobal
